
Microsoft Visual Studio Solution File, Format Version 12.00
# Visual Studio 2012
Project("{FAE04EC0-301F-11D3-BF4B-00C04F79EFBC}") = "AblyTester.iOS", "iOS\AblyTester.iOS.csproj", "{98B43FE5-DF6F-4712-9923-7CFFEB584EB4}"
EndProject
Project("{FAE04EC0-301F-11D3-BF4B-00C04F79EFBC}") = "AblyTester.Droid", "Droid\AblyTester.Droid.csproj", "{D61F7CA5-1C32-472D-93E1-F8333CCC1575}"
EndProject
Project("{D954291E-2A0B-460D-934E-DC6B0785DB48}") = "AblyTester", "AblyTester\AblyTester.shproj", "{2E22201E-2CB6-47C9-91E3-75EB79F76976}"
EndProject
Global
	GlobalSection(SolutionConfigurationPlatforms) = preSolution
		Debug|iPhoneSimulator = Debug|iPhoneSimulator
		Release|iPhone = Release|iPhone
		Release|iPhoneSimulator = Release|iPhoneSimulator
		Debug|iPhone = Debug|iPhone
		Debug|Any CPU = Debug|Any CPU
		Release|Any CPU = Release|Any CPU
	EndGlobalSection
	GlobalSection(ProjectConfigurationPlatforms) = postSolution
		{98B43FE5-DF6F-4712-9923-7CFFEB584EB4}.Debug|iPhoneSimulator.ActiveCfg = Debug|iPhoneSimulator
		{98B43FE5-DF6F-4712-9923-7CFFEB584EB4}.Debug|iPhoneSimulator.Build.0 = Debug|iPhoneSimulator
		{98B43FE5-DF6F-4712-9923-7CFFEB584EB4}.Release|iPhone.ActiveCfg = Release|iPhone
		{98B43FE5-DF6F-4712-9923-7CFFEB584EB4}.Release|iPhone.Build.0 = Release|iPhone
		{98B43FE5-DF6F-4712-9923-7CFFEB584EB4}.Release|iPhoneSimulator.ActiveCfg = Release|iPhoneSimulator
		{98B43FE5-DF6F-4712-9923-7CFFEB584EB4}.Release|iPhoneSimulator.Build.0 = Release|iPhoneSimulator
		{98B43FE5-DF6F-4712-9923-7CFFEB584EB4}.Debug|iPhone.ActiveCfg = Debug|iPhone
		{98B43FE5-DF6F-4712-9923-7CFFEB584EB4}.Debug|iPhone.Build.0 = Debug|iPhone
		{98B43FE5-DF6F-4712-9923-7CFFEB584EB4}.Debug|Any CPU.ActiveCfg = Debug|iPhoneSimulator
		{98B43FE5-DF6F-4712-9923-7CFFEB584EB4}.Debug|Any CPU.Build.0 = Debug|iPhoneSimulator
		{98B43FE5-DF6F-4712-9923-7CFFEB584EB4}.Release|Any CPU.ActiveCfg = Release|iPhone
		{98B43FE5-DF6F-4712-9923-7CFFEB584EB4}.Release|Any CPU.Build.0 = Release|iPhone
		{D61F7CA5-1C32-472D-93E1-F8333CCC1575}.Debug|iPhoneSimulator.ActiveCfg = Debug|Any CPU
		{D61F7CA5-1C32-472D-93E1-F8333CCC1575}.Debug|iPhoneSimulator.Build.0 = Debug|Any CPU
		{D61F7CA5-1C32-472D-93E1-F8333CCC1575}.Release|iPhone.ActiveCfg = Release|Any CPU
		{D61F7CA5-1C32-472D-93E1-F8333CCC1575}.Release|iPhone.Build.0 = Release|Any CPU
		{D61F7CA5-1C32-472D-93E1-F8333CCC1575}.Release|iPhoneSimulator.ActiveCfg = Release|Any CPU
		{D61F7CA5-1C32-472D-93E1-F8333CCC1575}.Release|iPhoneSimulator.Build.0 = Release|Any CPU
		{D61F7CA5-1C32-472D-93E1-F8333CCC1575}.Debug|iPhone.ActiveCfg = Debug|Any CPU
		{D61F7CA5-1C32-472D-93E1-F8333CCC1575}.Debug|iPhone.Build.0 = Debug|Any CPU
		{D61F7CA5-1C32-472D-93E1-F8333CCC1575}.Debug|Any CPU.ActiveCfg = Debug|Any CPU
		{D61F7CA5-1C32-472D-93E1-F8333CCC1575}.Debug|Any CPU.Build.0 = Debug|Any CPU
		{D61F7CA5-1C32-472D-93E1-F8333CCC1575}.Release|Any CPU.ActiveCfg = Release|Any CPU
		{D61F7CA5-1C32-472D-93E1-F8333CCC1575}.Release|Any CPU.Build.0 = Release|Any CPU
	EndGlobalSection
EndGlobal
